
Microsoft Visual Studio Solution File, Format Version 12.00
# Visual Studio Version 17
VisualStudioVersion = 17.9.34728.123
MinimumVisualStudioVersion = 10.0.40219.1
Project("{FAE04EC0-301F-11D3-BF4B-00C04F79EFBC}") = "Natural Language Processing och frågetjänster i Azure AI", "Natural Language Processing och frågetjänster i Azure AI\Natural Language Processing och frågetjänster i Azure AI.csproj", "{581A25A9-C9B2-4D2D-9F09-38B06D0B3906}"
EndProject
Global
	GlobalSection(SolutionConfigurationPlatforms) = preSolution
		Debug|Any CPU = Debug|Any CPU
		Release|Any CPU = Release|Any CPU
	EndGlobalSection
	GlobalSection(ProjectConfigurationPlatforms) = postSolution
		{581A25A9-C9B2-4D2D-9F09-38B06D0B3906}.Debug|Any CPU.ActiveCfg = Debug|Any CPU
		{581A25A9-C9B2-4D2D-9F09-38B06D0B3906}.Debug|Any CPU.Build.0 = Debug|Any CPU
		{581A25A9-C9B2-4D2D-9F09-38B06D0B3906}.Release|Any CPU.ActiveCfg = Release|Any CPU
		{581A25A9-C9B2-4D2D-9F09-38B06D0B3906}.Release|Any CPU.Build.0 = Release|Any CPU
	EndGlobalSection
	GlobalSection(SolutionProperties) = preSolution
		HideSolutionNode = FALSE
	EndGlobalSection
	GlobalSection(ExtensibilityGlobals) = postSolution
		SolutionGuid = {8E2D6646-B8AE-41CA-9050-92465D0445A1}
	EndGlobalSection
EndGlobal
